
Microsoft Visual Studio Solution File, Format Version 12.00
# Visual Studio Version 16
VisualStudioVersion = 16.0.35325.158
MinimumVisualStudioVersion = 10.0.40219.1
Project("{FAE04EC0-301F-11D3-BF4B-00C04F79EFBC}") = "3D Delta Kinematics VS", "3D Delta Kinematics VS\3D Delta Kinematics VS.csproj", "{950A3B65-8EBA-4EC1-9F67-2E11C47523C0}"
EndProject
Project("{B1E792BE-AA5F-4E3C-8C82-674BF9C0715B}") = "TwinCATProject", "TwinCATProject\TwinCATProject.tsproj", "{12351B37-CB8E-4E76-901B-5FE54828EB60}"
EndProject
Global
	GlobalSection(SolutionConfigurationPlatforms) = preSolution
		Debug|Any CPU = Debug|Any CPU
		Debug|TwinCAT CE7 (ARMV7) = Debug|TwinCAT CE7 (ARMV7)
		Debug|TwinCAT OS (ARMT2) = Debug|TwinCAT OS (ARMT2)
		Debug|TwinCAT RT (x64) = Debug|TwinCAT RT (x64)
		Debug|TwinCAT RT (x86) = Debug|TwinCAT RT (x86)
		Release|Any CPU = Release|Any CPU
		Release|TwinCAT CE7 (ARMV7) = Release|TwinCAT CE7 (ARMV7)
		Release|TwinCAT OS (ARMT2) = Release|TwinCAT OS (ARMT2)
		Release|TwinCAT RT (x64) = Release|TwinCAT RT (x64)
		Release|TwinCAT RT (x86) = Release|TwinCAT RT (x86)
	EndGlobalSection
	GlobalSection(ProjectConfigurationPlatforms) = postSolution
		{950A3B65-8EBA-4EC1-9F67-2E11C47523C0}.Debug|Any CPU.ActiveCfg = Debug|Any CPU
		{950A3B65-8EBA-4EC1-9F67-2E11C47523C0}.Debug|Any CPU.Build.0 = Debug|Any CPU
		{950A3B65-8EBA-4EC1-9F67-2E11C47523C0}.Debug|TwinCAT CE7 (ARMV7).ActiveCfg = Debug|Any CPU
		{950A3B65-8EBA-4EC1-9F67-2E11C47523C0}.Debug|TwinCAT CE7 (ARMV7).Build.0 = Debug|Any CPU
		{950A3B65-8EBA-4EC1-9F67-2E11C47523C0}.Debug|TwinCAT OS (ARMT2).ActiveCfg = Debug|Any CPU
		{950A3B65-8EBA-4EC1-9F67-2E11C47523C0}.Debug|TwinCAT OS (ARMT2).Build.0 = Debug|Any CPU
		{950A3B65-8EBA-4EC1-9F67-2E11C47523C0}.Debug|TwinCAT RT (x64).ActiveCfg = Debug|Any CPU
		{950A3B65-8EBA-4EC1-9F67-2E11C47523C0}.Debug|TwinCAT RT (x64).Build.0 = Debug|Any CPU
		{950A3B65-8EBA-4EC1-9F67-2E11C47523C0}.Debug|TwinCAT RT (x86).ActiveCfg = Debug|Any CPU
		{950A3B65-8EBA-4EC1-9F67-2E11C47523C0}.Debug|TwinCAT RT (x86).Build.0 = Debug|Any CPU
		{950A3B65-8EBA-4EC1-9F67-2E11C47523C0}.Release|Any CPU.ActiveCfg = Release|Any CPU
		{950A3B65-8EBA-4EC1-9F67-2E11C47523C0}.Release|Any CPU.Build.0 = Release|Any CPU
		{950A3B65-8EBA-4EC1-9F67-2E11C47523C0}.Release|TwinCAT CE7 (ARMV7).ActiveCfg = Release|Any CPU
		{950A3B65-8EBA-4EC1-9F67-2E11C47523C0}.Release|TwinCAT CE7 (ARMV7).Build.0 = Release|Any CPU
		{950A3B65-8EBA-4EC1-9F67-2E11C47523C0}.Release|TwinCAT OS (ARMT2).ActiveCfg = Release|Any CPU
		{950A3B65-8EBA-4EC1-9F67-2E11C47523C0}.Release|TwinCAT OS (ARMT2).Build.0 = Release|Any CPU
		{950A3B65-8EBA-4EC1-9F67-2E11C47523C0}.Release|TwinCAT RT (x64).ActiveCfg = Release|Any CPU
		{950A3B65-8EBA-4EC1-9F67-2E11C47523C0}.Release|TwinCAT RT (x64).Build.0 = Release|Any CPU
		{950A3B65-8EBA-4EC1-9F67-2E11C47523C0}.Release|TwinCAT RT (x86).ActiveCfg = Release|Any CPU
		{950A3B65-8EBA-4EC1-9F67-2E11C47523C0}.Release|TwinCAT RT (x86).Build.0 = Release|Any CPU
		{12351B37-CB8E-4E76-901B-5FE54828EB60}.Debug|Any CPU.ActiveCfg = Debug|TwinCAT RT (x64)
		{12351B37-CB8E-4E76-901B-5FE54828EB60}.Debug|Any CPU.Build.0 = Debug|TwinCAT RT (x64)
		{12351B37-CB8E-4E76-901B-5FE54828EB60}.Debug|TwinCAT CE7 (ARMV7).ActiveCfg = Debug|TwinCAT CE7 (ARMV7)
		{12351B37-CB8E-4E76-901B-5FE54828EB60}.Debug|TwinCAT CE7 (ARMV7).Build.0 = Debug|TwinCAT CE7 (ARMV7)
		{12351B37-CB8E-4E76-901B-5FE54828EB60}.Debug|TwinCAT OS (ARMT2).ActiveCfg = Debug|TwinCAT OS (ARMT2)
		{12351B37-CB8E-4E76-901B-5FE54828EB60}.Debug|TwinCAT OS (ARMT2).Build.0 = Debug|TwinCAT OS (ARMT2)
		{12351B37-CB8E-4E76-901B-5FE54828EB60}.Debug|TwinCAT RT (x64).ActiveCfg = Debug|TwinCAT RT (x64)
		{12351B37-CB8E-4E76-901B-5FE54828EB60}.Debug|TwinCAT RT (x64).Build.0 = Debug|TwinCAT RT (x64)
		{12351B37-CB8E-4E76-901B-5FE54828EB60}.Debug|TwinCAT RT (x86).ActiveCfg = Debug|TwinCAT RT (x86)
		{12351B37-CB8E-4E76-901B-5FE54828EB60}.Debug|TwinCAT RT (x86).Build.0 = Debug|TwinCAT RT (x86)
		{12351B37-CB8E-4E76-901B-5FE54828EB60}.Release|Any CPU.ActiveCfg = Release|TwinCAT RT (x64)
		{12351B37-CB8E-4E76-901B-5FE54828EB60}.Release|Any CPU.Build.0 = Release|TwinCAT RT (x64)
		{12351B37-CB8E-4E76-901B-5FE54828EB60}.Release|TwinCAT CE7 (ARMV7).ActiveCfg = Release|TwinCAT CE7 (ARMV7)
		{12351B37-CB8E-4E76-901B-5FE54828EB60}.Release|TwinCAT CE7 (ARMV7).Build.0 = Release|TwinCAT CE7 (ARMV7)
		{12351B37-CB8E-4E76-901B-5FE54828EB60}.Release|TwinCAT OS (ARMT2).ActiveCfg = Release|TwinCAT OS (ARMT2)
		{12351B37-CB8E-4E76-901B-5FE54828EB60}.Release|TwinCAT OS (ARMT2).Build.0 = Release|TwinCAT OS (ARMT2)
		{12351B37-CB8E-4E76-901B-5FE54828EB60}.Release|TwinCAT RT (x64).ActiveCfg = Release|TwinCAT RT (x64)
		{12351B37-CB8E-4E76-901B-5FE54828EB60}.Release|TwinCAT RT (x64).Build.0 = Release|TwinCAT RT (x64)
		{12351B37-CB8E-4E76-901B-5FE54828EB60}.Release|TwinCAT RT (x86).ActiveCfg = Release|TwinCAT RT (x86)
		{12351B37-CB8E-4E76-901B-5FE54828EB60}.Release|TwinCAT RT (x86).Build.0 = Release|TwinCAT RT (x86)
	EndGlobalSection
	GlobalSection(SolutionProperties) = preSolution
		HideSolutionNode = FALSE
	EndGlobalSection
	GlobalSection(ExtensibilityGlobals) = postSolution
		SolutionGuid = {2A8A2229-7F66-41DE-98F0-4B3AAF058829}
	EndGlobalSection
EndGlobal
